
Microsoft Visual Studio Solution File, Format Version 12.00
# Visual Studio Version 16
VisualStudioVersion = 16.0.31605.320
MinimumVisualStudioVersion = 10.0.40219.1
Project("{FAE04EC0-301F-11D3-BF4B-00C04F79EFBC}") = "Payroll_Ap", "Payroll_Ap\Payroll_Ap.csproj", "{7E3B37E0-60C1-4B59-AFB5-9E2AEA7C3FE6}"
EndProject
Global
	GlobalSection(SolutionConfigurationPlatforms) = preSolution
		Debug|Any CPU = Debug|Any CPU
		Release|Any CPU = Release|Any CPU
	EndGlobalSection
	GlobalSection(ProjectConfigurationPlatforms) = postSolution
		{7E3B37E0-60C1-4B59-AFB5-9E2AEA7C3FE6}.Debug|Any CPU.ActiveCfg = Debug|Any CPU
		{7E3B37E0-60C1-4B59-AFB5-9E2AEA7C3FE6}.Debug|Any CPU.Build.0 = Debug|Any CPU
		{7E3B37E0-60C1-4B59-AFB5-9E2AEA7C3FE6}.Release|Any CPU.ActiveCfg = Release|Any CPU
		{7E3B37E0-60C1-4B59-AFB5-9E2AEA7C3FE6}.Release|Any CPU.Build.0 = Release|Any CPU
	EndGlobalSection
	GlobalSection(SolutionProperties) = preSolution
		HideSolutionNode = FALSE
	EndGlobalSection
	GlobalSection(ExtensibilityGlobals) = postSolution
		SolutionGuid = {A957171A-4D5E-49C1-9BBF-8FDDE3CB42D7}
	EndGlobalSection
EndGlobal
